// !$*UTF8*$!
{
	archiveVersion = 1;
	classes = {
	};
	objectVersion = 56;
	objects = {

/* Begin PBXBuildFile section */
		22012BAB2DD611640045E81D /* AllSportsCollectionViewCell.swift in Sources */ = {isa = PBXBuildFile; fileRef = 22012BAA2DD611640045E81D /* AllSportsCollectionViewCell.swift */; };
		22012BAD2DD612490045E81D /* AllSportsCollectionViewController.swift in Sources */ = {isa = PBXBuildFile; fileRef = 22012BAC2DD612490045E81D /* AllSportsCollectionViewController.swift */; };
		22012BAF2DD612A70045E81D /* AllSportsResponse.swift in Sources */ = {isa = PBXBuildFile; fileRef = 22012BAE2DD612A70045E81D /* AllSportsResponse.swift */; };
		22012BB22DD6236A0045E81D /* LeagueDetailsViewController.swift in Sources */ = {isa = PBXBuildFile; fileRef = 22012BB12DD6236A0045E81D /* LeagueDetailsViewController.swift */; };
		22012BB42DD63D3D0045E81D /* Event.swift in Sources */ = {isa = PBXBuildFile; fileRef = 22012BB32DD63D3D0045E81D /* Event.swift */; };
		22012BB62DD63D5A0045E81D /* Team.swift in Sources */ = {isa = PBXBuildFile; fileRef = 22012BB52DD63D5A0045E81D /* Team.swift */; };
		22012BB82DD640400045E81D /* LeagueDetailsNetworkService.swift in Sources */ = {isa = PBXBuildFile; fileRef = 22012BB72DD640400045E81D /* LeagueDetailsNetworkService.swift */; };
		22012BBA2DD6440E0045E81D /* LeagueDetailsPresenter.swift in Sources */ = {isa = PBXBuildFile; fileRef = 22012BB92DD6440E0045E81D /* LeagueDetailsPresenter.swift */; };
		22012BBC2DD646340045E81D /* TeamsCollectionViewCell.swift in Sources */ = {isa = PBXBuildFile; fileRef = 22012BBB2DD646340045E81D /* TeamsCollectionViewCell.swift */; };
		22012BBE2DD6478F0045E81D /* UpComingEventsCollectionViewCell.swift in Sources */ = {isa = PBXBuildFile; fileRef = 22012BBD2DD6478F0045E81D /* UpComingEventsCollectionViewCell.swift */; };
		22012BC02DD64C350045E81D /* LatestEventCollectionViewCell.swift in Sources */ = {isa = PBXBuildFile; fileRef = 22012BBF2DD64C350045E81D /* LatestEventCollectionViewCell.swift */; };
		22114FBA2DD80087006F943A /* TeamDetailsResponse.swift in Sources */ = {isa = PBXBuildFile; fileRef = 22114FB92DD80087006F943A /* TeamDetailsResponse.swift */; };
		22114FBE2DD80153006F943A /* TeamDetailsPresenter.swift in Sources */ = {isa = PBXBuildFile; fileRef = 22114FBD2DD80153006F943A /* TeamDetailsPresenter.swift */; };
		22114FC02DD80358006F943A /* TeamDetailsNetworkService.swift in Sources */ = {isa = PBXBuildFile; fileRef = 22114FBF2DD80358006F943A /* TeamDetailsNetworkService.swift */; };
		22114FC32DD8219C006F943A /* Cosmos in Frameworks */ = {isa = PBXBuildFile; productRef = 22114FC22DD8219C006F943A /* Cosmos */; };
		2226D7872DD3650200C889A0 /* LeaguePresenter.swift in Sources */ = {isa = PBXBuildFile; fileRef = 2226D7862DD3650200C889A0 /* LeaguePresenter.swift */; };
		2226D7892DD3665700C889A0 /* NetworkService.swift in Sources */ = {isa = PBXBuildFile; fileRef = 2226D7882DD3665700C889A0 /* NetworkService.swift */; };
		2226D78F2DD369DF00C889A0 /* Alamofire in Frameworks */ = {isa = PBXBuildFile; productRef = 2226D78E2DD369DF00C889A0 /* Alamofire */; };
		22446C2E2DD784DC0000368C /* TeamDetailsViewController.swift in Sources */ = {isa = PBXBuildFile; fileRef = 22446C2D2DD784DC0000368C /* TeamDetailsViewController.swift */; };
		22446C322DD785140000368C /* PlayersCollectionViewCell.swift in Sources */ = {isa = PBXBuildFile; fileRef = 22446C312DD785140000368C /* PlayersCollectionViewCell.swift */; };
		22446C342DD78D3E0000368C /* PlayersResponse.swift in Sources */ = {isa = PBXBuildFile; fileRef = 22446C332DD78D3E0000368C /* PlayersResponse.swift */; };
		22493C962DDA45EC00CA419B /* Sports.xcdatamodeld in Sources */ = {isa = PBXBuildFile; fileRef = 22493C942DDA45EC00CA419B /* Sports.xcdatamodeld */; };
		22493C982DDA490C00CA419B /* CoreDataService.swift in Sources */ = {isa = PBXBuildFile; fileRef = 22493C972DDA490C00CA419B /* CoreDataService.swift */; };
		22493C9B2DDA50ED00CA419B /* FavLeagueTableViewCell.swift in Sources */ = {isa = PBXBuildFile; fileRef = 22493C9A2DDA50ED00CA419B /* FavLeagueTableViewCell.swift */; };
		22493C9D2DDA524900CA419B /* FavTableViewController.swift in Sources */ = {isa = PBXBuildFile; fileRef = 22493C9C2DDA524900CA419B /* FavTableViewController.swift */; };
		22493C9F2DDA5B1B00CA419B /* FavLeaguePresenter.swift in Sources */ = {isa = PBXBuildFile; fileRef = 22493C9E2DDA5B1B00CA419B /* FavLeaguePresenter.swift */; };
		227DC2D22DDBB75B00C1B25C /* TeamDetailsCollectionReusableView.swift in Sources */ = {isa = PBXBuildFile; fileRef = 227DC2D12DDBB75B00C1B25C /* TeamDetailsCollectionReusableView.swift */; };
		227DC2D42DDBDCFD00C1B25C /* NoDataCollectionViewCell.swift in Sources */ = {isa = PBXBuildFile; fileRef = 227DC2D32DDBDCFD00C1B25C /* NoDataCollectionViewCell.swift */; };
		227DC2D62DDBF2C800C1B25C /* PlayersNoDataCollectionViewCell.swift in Sources */ = {isa = PBXBuildFile; fileRef = 227DC2D52DDBF2C800C1B25C /* PlayersNoDataCollectionViewCell.swift */; };
		227F4E8C2DD9445A0067C743 /* splash_animation.json in Resources */ = {isa = PBXBuildFile; fileRef = 227F4E8B2DD9445A0067C743 /* splash_animation.json */; };
		22982BFE2DCF7DD500876FC1 /* AppDelegate.swift in Sources */ = {isa = PBXBuildFile; fileRef = 22982BFD2DCF7DD500876FC1 /* AppDelegate.swift */; };
		22982C002DCF7DD500876FC1 /* SceneDelegate.swift in Sources */ = {isa = PBXBuildFile; fileRef = 22982BFF2DCF7DD500876FC1 /* SceneDelegate.swift */; };
		22982C022DCF7DD500876FC1 /* ViewController.swift in Sources */ = {isa = PBXBuildFile; fileRef = 22982C012DCF7DD500876FC1 /* ViewController.swift */; };
		22982C052DCF7DD600876FC1 /* Main.storyboard in Resources */ = {isa = PBXBuildFile; fileRef = 22982C032DCF7DD600876FC1 /* Main.storyboard */; };
		22982C082DCF7DD600876FC1 /* Sports.xcdatamodeld in Sources */ = {isa = PBXBuildFile; fileRef = 22982C062DCF7DD600876FC1 /* Sports.xcdatamodeld */; };
		22982C0A2DCF7E0000876FC1 /* Assets.xcassets in Resources */ = {isa = PBXBuildFile; fileRef = 22982C092DCF7E0000876FC1 /* Assets.xcassets */; };
		22982C0D2DCF7E0000876FC1 /* LaunchScreen.storyboard in Resources */ = {isa = PBXBuildFile; fileRef = 22982C0B2DCF7E0000876FC1 /* LaunchScreen.storyboard */; };
		22982C182DCF7E0300876FC1 /* SportsTests.swift in Sources */ = {isa = PBXBuildFile; fileRef = 22982C172DCF7E0300876FC1 /* SportsTests.swift */; };
		22982C222DCF7E0300876FC1 /* SportsUITests.swift in Sources */ = {isa = PBXBuildFile; fileRef = 22982C212DCF7E0300876FC1 /* SportsUITests.swift */; };
		22982C242DCF7E0300876FC1 /* SportsUITestsLaunchTests.swift in Sources */ = {isa = PBXBuildFile; fileRef = 22982C232DCF7E0300876FC1 /* SportsUITestsLaunchTests.swift */; };
		22E378FF2DD0878A0031B5AD /* Lottie in Frameworks */ = {isa = PBXBuildFile; productRef = 22E378FE2DD0878A0031B5AD /* Lottie */; };
		22E379022DD087D80031B5AD /* Reachability in Frameworks */ = {isa = PBXBuildFile; productRef = 22E379012DD087D80031B5AD /* Reachability */; };
		22E379052DD089470031B5AD /* ShimmerSwift in Frameworks */ = {isa = PBXBuildFile; productRef = 22E379042DD089470031B5AD /* ShimmerSwift */; };
		22E3790F2DD099640031B5AD /* ViewController1.swift in Sources */ = {isa = PBXBuildFile; fileRef = 22E3790E2DD099640031B5AD /* ViewController1.swift */; };
		22E379512DD0A5A00031B5AD /* Kingfisher in Frameworks */ = {isa = PBXBuildFile; productRef = 22E379502DD0A5A00031B5AD /* Kingfisher */; };
		22EB72582DD073C8003548F2 /* MyPageViewController.swift in Sources */ = {isa = PBXBuildFile; fileRef = 22EB72572DD073C8003548F2 /* MyPageViewController.swift */; };
		22EE11652DD252CD00EAFE35 /* LeagueTableViewController.swift in Sources */ = {isa = PBXBuildFile; fileRef = 22EE11642DD252CD00EAFE35 /* LeagueTableViewController.swift */; };
		22EE11672DD252EC00EAFE35 /* LeagueTableViewCell.swift in Sources */ = {isa = PBXBuildFile; fileRef = 22EE11662DD252EC00EAFE35 /* LeagueTableViewCell.swift */; };
		22EE11692DD254C000EAFE35 /* LeagueResponse.swift in Sources */ = {isa = PBXBuildFile; fileRef = 22EE11682DD254C000EAFE35 /* LeagueResponse.swift */; };
/* End PBXBuildFile section */

/* Begin PBXContainerItemProxy section */
		22982C142DCF7E0300876FC1 /* PBXContainerItemProxy */ = {
			isa = PBXContainerItemProxy;
			containerPortal = 22982BF22DCF7DD500876FC1 /* Project object */;
			proxyType = 1;
			remoteGlobalIDString = 22982BF92DCF7DD500876FC1;
			remoteInfo = Sports;
		};
		22982C1E2DCF7E0300876FC1 /* PBXContainerItemProxy */ = {
			isa = PBXContainerItemProxy;
			containerPortal = 22982BF22DCF7DD500876FC1 /* Project object */;
			proxyType = 1;
			remoteGlobalIDString = 22982BF92DCF7DD500876FC1;
			remoteInfo = Sports;
		};
/* End PBXContainerItemProxy section */

/* Begin PBXFileReference section */
		22012BAA2DD611640045E81D /* AllSportsCollectionViewCell.swift */ = {isa = PBXFileReference; lastKnownFileType = sourcecode.swift; path = AllSportsCollectionViewCell.swift; sourceTree = "<group>"; };
		22012BAC2DD612490045E81D /* AllSportsCollectionViewController.swift */ = {isa = PBXFileReference; lastKnownFileType = sourcecode.swift; name = AllSportsCollectionViewController.swift; path = Sports/AllSports/AllSportsCollectionViewController.swift; sourceTree = SOURCE_ROOT; };
		22012BAE2DD612A70045E81D /* AllSportsResponse.swift */ = {isa = PBXFileReference; lastKnownFileType = sourcecode.swift; path = AllSportsResponse.swift; sourceTree = "<group>"; };
		22012BB12DD6236A0045E81D /* LeagueDetailsViewController.swift */ = {isa = PBXFileReference; lastKnownFileType = sourcecode.swift; name = LeagueDetailsViewController.swift; path = ../../LeagueDetailsViewController.swift; sourceTree = "<group>"; };
		22012BB32DD63D3D0045E81D /* Event.swift */ = {isa = PBXFileReference; lastKnownFileType = sourcecode.swift; name = Event.swift; path = ../Event.swift; sourceTree = "<group>"; };
		22012BB52DD63D5A0045E81D /* Team.swift */ = {isa = PBXFileReference; lastKnownFileType = sourcecode.swift; name = Team.swift; path = ../Team.swift; sourceTree = "<group>"; };
		22012BB72DD640400045E81D /* LeagueDetailsNetworkService.swift */ = {isa = PBXFileReference; lastKnownFileType = sourcecode.swift; path = LeagueDetailsNetworkService.swift; sourceTree = "<group>"; };
		22012BB92DD6440E0045E81D /* LeagueDetailsPresenter.swift */ = {isa = PBXFileReference; lastKnownFileType = sourcecode.swift; name = LeagueDetailsPresenter.swift; path = Sports/LeagueDetailsPresenter.swift; sourceTree = SOURCE_ROOT; };
		22012BBB2DD646340045E81D /* TeamsCollectionViewCell.swift */ = {isa = PBXFileReference; lastKnownFileType = sourcecode.swift; path = TeamsCollectionViewCell.swift; sourceTree = "<group>"; };
		22012BBD2DD6478F0045E81D /* UpComingEventsCollectionViewCell.swift */ = {isa = PBXFileReference; lastKnownFileType = sourcecode.swift; path = UpComingEventsCollectionViewCell.swift; sourceTree = "<group>"; };
		22012BBF2DD64C350045E81D /* LatestEventCollectionViewCell.swift */ = {isa = PBXFileReference; lastKnownFileType = sourcecode.swift; path = LatestEventCollectionViewCell.swift; sourceTree = "<group>"; };
		22114FB92DD80087006F943A /* TeamDetailsResponse.swift */ = {isa = PBXFileReference; lastKnownFileType = sourcecode.swift; name = TeamDetailsResponse.swift; path = Sports/TeamDetailsResponse.swift; sourceTree = SOURCE_ROOT; };
		22114FBD2DD80153006F943A /* TeamDetailsPresenter.swift */ = {isa = PBXFileReference; lastKnownFileType = sourcecode.swift; path = TeamDetailsPresenter.swift; sourceTree = "<group>"; };
		22114FBF2DD80358006F943A /* TeamDetailsNetworkService.swift */ = {isa = PBXFileReference; lastKnownFileType = sourcecode.swift; path = TeamDetailsNetworkService.swift; sourceTree = "<group>"; };
		2226D7862DD3650200C889A0 /* LeaguePresenter.swift */ = {isa = PBXFileReference; lastKnownFileType = sourcecode.swift; path = LeaguePresenter.swift; sourceTree = "<group>"; };
		2226D7882DD3665700C889A0 /* NetworkService.swift */ = {isa = PBXFileReference; lastKnownFileType = sourcecode.swift; path = NetworkService.swift; sourceTree = "<group>"; };
		22446C2D2DD784DC0000368C /* TeamDetailsViewController.swift */ = {isa = PBXFileReference; lastKnownFileType = sourcecode.swift; path = TeamDetailsViewController.swift; sourceTree = "<group>"; };
		22446C312DD785140000368C /* PlayersCollectionViewCell.swift */ = {isa = PBXFileReference; lastKnownFileType = sourcecode.swift; name = PlayersCollectionViewCell.swift; path = ../PlayersCollectionViewCell.swift; sourceTree = "<group>"; };
		22446C332DD78D3E0000368C /* PlayersResponse.swift */ = {isa = PBXFileReference; lastKnownFileType = sourcecode.swift; name = PlayersResponse.swift; path = ../PlayersResponse.swift; sourceTree = "<group>"; };
		22493C952DDA45EC00CA419B /* Sports.xcdatamodel */ = {isa = PBXFileReference; lastKnownFileType = wrapper.xcdatamodel; path = Sports.xcdatamodel; sourceTree = "<group>"; };
		22493C972DDA490C00CA419B /* CoreDataService.swift */ = {isa = PBXFileReference; lastKnownFileType = sourcecode.swift; path = CoreDataService.swift; sourceTree = "<group>"; };
		22493C9A2DDA50ED00CA419B /* FavLeagueTableViewCell.swift */ = {isa = PBXFileReference; lastKnownFileType = sourcecode.swift; path = FavLeagueTableViewCell.swift; sourceTree = "<group>"; };
		22493C9C2DDA524900CA419B /* FavTableViewController.swift */ = {isa = PBXFileReference; lastKnownFileType = sourcecode.swift; name = FavTableViewController.swift; path = ../../FavTableViewController.swift; sourceTree = "<group>"; };
		22493C9E2DDA5B1B00CA419B /* FavLeaguePresenter.swift */ = {isa = PBXFileReference; lastKnownFileType = sourcecode.swift; name = FavLeaguePresenter.swift; path = ../FavLeaguePresenter.swift; sourceTree = "<group>"; };
		227DC2D12DDBB75B00C1B25C /* TeamDetailsCollectionReusableView.swift */ = {isa = PBXFileReference; lastKnownFileType = sourcecode.swift; path = TeamDetailsCollectionReusableView.swift; sourceTree = "<group>"; };
		227DC2D32DDBDCFD00C1B25C /* NoDataCollectionViewCell.swift */ = {isa = PBXFileReference; lastKnownFileType = sourcecode.swift; path = NoDataCollectionViewCell.swift; sourceTree = "<group>"; };
		227DC2D52DDBF2C800C1B25C /* PlayersNoDataCollectionViewCell.swift */ = {isa = PBXFileReference; lastKnownFileType = sourcecode.swift; name = PlayersNoDataCollectionViewCell.swift; path = ../PlayersNoDataCollectionViewCell.swift; sourceTree = "<group>"; };
		227F4E8B2DD9445A0067C743 /* splash_animation.json */ = {isa = PBXFileReference; fileEncoding = 4; lastKnownFileType = text.json; path = splash_animation.json; sourceTree = "<group>"; };
		22982BFA2DCF7DD500876FC1 /* Sports.app */ = {isa = PBXFileReference; explicitFileType = wrapper.application; includeInIndex = 0; path = Sports.app; sourceTree = BUILT_PRODUCTS_DIR; };
		22982BFD2DCF7DD500876FC1 /* AppDelegate.swift */ = {isa = PBXFileReference; lastKnownFileType = sourcecode.swift; path = AppDelegate.swift; sourceTree = "<group>"; };
		22982BFF2DCF7DD500876FC1 /* SceneDelegate.swift */ = {isa = PBXFileReference; lastKnownFileType = sourcecode.swift; path = SceneDelegate.swift; sourceTree = "<group>"; };
		22982C012DCF7DD500876FC1 /* ViewController.swift */ = {isa = PBXFileReference; lastKnownFileType = sourcecode.swift; path = ViewController.swift; sourceTree = "<group>"; };
		22982C042DCF7DD600876FC1 /* Base */ = {isa = PBXFileReference; lastKnownFileType = file.storyboard; name = Base; path = Base.lproj/Main.storyboard; sourceTree = "<group>"; };
		22982C072DCF7DD600876FC1 /* Sports.xcdatamodel */ = {isa = PBXFileReference; lastKnownFileType = wrapper.xcdatamodel; path = Sports.xcdatamodel; sourceTree = "<group>"; };
		22982C092DCF7E0000876FC1 /* Assets.xcassets */ = {isa = PBXFileReference; lastKnownFileType = folder.assetcatalog; path = Assets.xcassets; sourceTree = "<group>"; };
		22982C0C2DCF7E0000876FC1 /* Base */ = {isa = PBXFileReference; lastKnownFileType = file.storyboard; name = Base; path = Base.lproj/LaunchScreen.storyboard; sourceTree = "<group>"; };
		22982C0E2DCF7E0000876FC1 /* Info.plist */ = {isa = PBXFileReference; lastKnownFileType = text.plist.xml; path = Info.plist; sourceTree = "<group>"; };
		22982C132DCF7E0300876FC1 /* SportsTests.xctest */ = {isa = PBXFileReference; explicitFileType = wrapper.cfbundle; includeInIndex = 0; path = SportsTests.xctest; sourceTree = BUILT_PRODUCTS_DIR; };
		22982C172DCF7E0300876FC1 /* SportsTests.swift */ = {isa = PBXFileReference; lastKnownFileType = sourcecode.swift; path = SportsTests.swift; sourceTree = "<group>"; };
		22982C1D2DCF7E0300876FC1 /* SportsUITests.xctest */ = {isa = PBXFileReference; explicitFileType = wrapper.cfbundle; includeInIndex = 0; path = SportsUITests.xctest; sourceTree = BUILT_PRODUCTS_DIR; };
		22982C212DCF7E0300876FC1 /* SportsUITests.swift */ = {isa = PBXFileReference; lastKnownFileType = sourcecode.swift; path = SportsUITests.swift; sourceTree = "<group>"; };
		22982C232DCF7E0300876FC1 /* SportsUITestsLaunchTests.swift */ = {isa = PBXFileReference; lastKnownFileType = sourcecode.swift; path = SportsUITestsLaunchTests.swift; sourceTree = "<group>"; };
		22E3790E2DD099640031B5AD /* ViewController1.swift */ = {isa = PBXFileReference; lastKnownFileType = sourcecode.swift; path = ViewController1.swift; sourceTree = "<group>"; };
		22EB72572DD073C8003548F2 /* MyPageViewController.swift */ = {isa = PBXFileReference; lastKnownFileType = sourcecode.swift; path = MyPageViewController.swift; sourceTree = "<group>"; };
		22EE11642DD252CD00EAFE35 /* LeagueTableViewController.swift */ = {isa = PBXFileReference; lastKnownFileType = sourcecode.swift; path = LeagueTableViewController.swift; sourceTree = "<group>"; };
		22EE11662DD252EC00EAFE35 /* LeagueTableViewCell.swift */ = {isa = PBXFileReference; lastKnownFileType = sourcecode.swift; name = LeagueTableViewCell.swift; path = ../LeagueTableViewCell.swift; sourceTree = "<group>"; };
		22EE11682DD254C000EAFE35 /* LeagueResponse.swift */ = {isa = PBXFileReference; lastKnownFileType = sourcecode.swift; name = LeagueResponse.swift; path = ../LeagueResponse.swift; sourceTree = "<group>"; };
/* End PBXFileReference section */

/* Begin PBXFrameworksBuildPhase section */
		22982BF72DCF7DD500876FC1 /* Frameworks */ = {
			isa = PBXFrameworksBuildPhase;
			buildActionMask = 2147483647;
			files = (
				22114FC32DD8219C006F943A /* Cosmos in Frameworks */,
				2226D78F2DD369DF00C889A0 /* Alamofire in Frameworks */,
				22E379512DD0A5A00031B5AD /* Kingfisher in Frameworks */,
				22E379022DD087D80031B5AD /* Reachability in Frameworks */,
				22E379052DD089470031B5AD /* ShimmerSwift in Frameworks */,
				22E378FF2DD0878A0031B5AD /* Lottie in Frameworks */,
			);
			runOnlyForDeploymentPostprocessing = 0;
		};
		22982C102DCF7E0300876FC1 /* Frameworks */ = {
			isa = PBXFrameworksBuildPhase;
			buildActionMask = 2147483647;
			files = (
			);
			runOnlyForDeploymentPostprocessing = 0;
		};
		22982C1A2DCF7E0300876FC1 /* Frameworks */ = {
			isa = PBXFrameworksBuildPhase;
			buildActionMask = 2147483647;
			files = (
			);
			runOnlyForDeploymentPostprocessing = 0;
		};
/* End PBXFrameworksBuildPhase section */

/* Begin PBXGroup section */
		228975EC2DDCC2E1007DD851 /* AllSports */ = {
			isa = PBXGroup;
			children = (
				228975EE2DDCC302007DD851 /* model */,
				228975ED2DDCC2FB007DD851 /* view */,
			);
			path = AllSports;
			sourceTree = "<group>";
		};
		228975ED2DDCC2FB007DD851 /* view */ = {
			isa = PBXGroup;
			children = (
				228975F12DDCC426007DD851 /* controller */,
				228975EF2DDCC30D007DD851 /* customCell */,
			);
			name = view;
			sourceTree = "<group>";
		};
		228975EE2DDCC302007DD851 /* model */ = {
			isa = PBXGroup;
			children = (
				22012BAE2DD612A70045E81D /* AllSportsResponse.swift */,
			);
			path = model;
			sourceTree = "<group>";
		};
		228975EF2DDCC30D007DD851 /* customCell */ = {
			isa = PBXGroup;
			children = (
				22012BAA2DD611640045E81D /* AllSportsCollectionViewCell.swift */,
			);
			path = customCell;
			sourceTree = "<group>";
		};
		228975F12DDCC426007DD851 /* controller */ = {
			isa = PBXGroup;
			children = (
				22012BAC2DD612490045E81D /* AllSportsCollectionViewController.swift */,
			);
			name = controller;
			sourceTree = "<group>";
		};
		228975F22DDCC445007DD851 /* FavoriteLeague */ = {
			isa = PBXGroup;
			children = (
				228975F82DDCC482007DD851 /* presenter */,
				228975F42DDCC462007DD851 /* view */,
				228975F32DDCC45C007DD851 /* model */,
			);
			path = FavoriteLeague;
			sourceTree = "<group>";
		};
		228975F32DDCC45C007DD851 /* model */ = {
			isa = PBXGroup;
			children = (
				228975F52DDCC469007DD851 /* service */,
			);
			name = model;
			sourceTree = "<group>";
		};
		228975F42DDCC462007DD851 /* view */ = {
			isa = PBXGroup;
			children = (
				228975F72DDCC478007DD851 /* customCell */,
				228975F62DDCC470007DD851 /* controller */,
			);
			path = view;
			sourceTree = "<group>";
		};
		228975F52DDCC469007DD851 /* service */ = {
			isa = PBXGroup;
			children = (
				22493C972DDA490C00CA419B /* CoreDataService.swift */,
			);
			path = service;
			sourceTree = "<group>";
		};
		228975F62DDCC470007DD851 /* controller */ = {
			isa = PBXGroup;
			children = (
				22493C9C2DDA524900CA419B /* FavTableViewController.swift */,
			);
			name = controller;
			sourceTree = "<group>";
		};
		228975F72DDCC478007DD851 /* customCell */ = {
			isa = PBXGroup;
			children = (
				22493C9A2DDA50ED00CA419B /* FavLeagueTableViewCell.swift */,
			);
			path = customCell;
			sourceTree = "<group>";
		};
		228975F82DDCC482007DD851 /* presenter */ = {
			isa = PBXGroup;
			children = (
				22493C9E2DDA5B1B00CA419B /* FavLeaguePresenter.swift */,
			);
			name = presenter;
			sourceTree = "<group>";
		};
		228975F92DDCC4C6007DD851 /* TeamDetail */ = {
			isa = PBXGroup;
			children = (
				228975FD2DDCC4E9007DD851 /* view */,
				228975FC2DDCC4E1007DD851 /* presenter */,
				228975FA2DDCC4D4007DD851 /* model */,
			);
			path = TeamDetail;
			sourceTree = "<group>";
		};
		228975FA2DDCC4D4007DD851 /* model */ = {
			isa = PBXGroup;
			children = (
				22446C332DD78D3E0000368C /* PlayersResponse.swift */,
				22114FB92DD80087006F943A /* TeamDetailsResponse.swift */,
				228975FB2DDCC4DA007DD851 /* service */,
			);
			name = model;
			sourceTree = "<group>";
		};
		228975FB2DDCC4DA007DD851 /* service */ = {
			isa = PBXGroup;
			children = (
				22114FBF2DD80358006F943A /* TeamDetailsNetworkService.swift */,
			);
			path = service;
			sourceTree = "<group>";
		};
		228975FC2DDCC4E1007DD851 /* presenter */ = {
			isa = PBXGroup;
			children = (
				22114FBD2DD80153006F943A /* TeamDetailsPresenter.swift */,
			);
			path = presenter;
			sourceTree = "<group>";
		};
		228975FD2DDCC4E9007DD851 /* view */ = {
			isa = PBXGroup;
			children = (
				228975FF2DDCC4F5007DD851 /* customCell */,
				228975FE2DDCC4EE007DD851 /* controller */,
			);
			name = view;
			sourceTree = "<group>";
		};
		228975FE2DDCC4EE007DD851 /* controller */ = {
			isa = PBXGroup;
			children = (
				22446C2D2DD784DC0000368C /* TeamDetailsViewController.swift */,
			);
			path = controller;
			sourceTree = "<group>";
		};
		228975FF2DDCC4F5007DD851 /* customCell */ = {
			isa = PBXGroup;
			children = (
				22446C312DD785140000368C /* PlayersCollectionViewCell.swift */,
				227DC2D52DDBF2C800C1B25C /* PlayersNoDataCollectionViewCell.swift */,
			);
			name = customCell;
			sourceTree = "<group>";
		};
		228976002DDCC554007DD851 /* LeagueDetail */ = {
			isa = PBXGroup;
			children = (
				228976062DDCC582007DD851 /* presenter */,
				228976032DDCC56C007DD851 /* view */,
				228976012DDCC561007DD851 /* model */,
			);
			path = LeagueDetail;
			sourceTree = "<group>";
		};
		228976012DDCC561007DD851 /* model */ = {
			isa = PBXGroup;
			children = (
				22012BB52DD63D5A0045E81D /* Team.swift */,
				22012BB32DD63D3D0045E81D /* Event.swift */,
				228976022DDCC566007DD851 /* service */,
			);
			name = model;
			sourceTree = "<group>";
		};
		228976022DDCC566007DD851 /* service */ = {
			isa = PBXGroup;
			children = (
				22012BB72DD640400045E81D /* LeagueDetailsNetworkService.swift */,
			);
			path = service;
			sourceTree = "<group>";
		};
		228976032DDCC56C007DD851 /* view */ = {
			isa = PBXGroup;
			children = (
				227DC2D12DDBB75B00C1B25C /* TeamDetailsCollectionReusableView.swift */,
				228976052DDCC579007DD851 /* customCell */,
				228976042DDCC572007DD851 /* controller */,
			);
			path = view;
			sourceTree = "<group>";
		};
		228976042DDCC572007DD851 /* controller */ = {
			isa = PBXGroup;
			children = (
				22012BB12DD6236A0045E81D /* LeagueDetailsViewController.swift */,
			);
			name = controller;
			sourceTree = "<group>";
		};
		228976052DDCC579007DD851 /* customCell */ = {
			isa = PBXGroup;
			children = (
				22012BBD2DD6478F0045E81D /* UpComingEventsCollectionViewCell.swift */,
				22012BBF2DD64C350045E81D /* LatestEventCollectionViewCell.swift */,
				227DC2D32DDBDCFD00C1B25C /* NoDataCollectionViewCell.swift */,
				22012BBB2DD646340045E81D /* TeamsCollectionViewCell.swift */,
			);
			path = customCell;
			sourceTree = "<group>";
		};
		228976062DDCC582007DD851 /* presenter */ = {
			isa = PBXGroup;
			children = (
				22012BB92DD6440E0045E81D /* LeagueDetailsPresenter.swift */,
			);
			name = presenter;
			sourceTree = "<group>";
		};
		228976072DDCC605007DD851 /* Leagues */ = {
			isa = PBXGroup;
			children = (
				2289760B2DDCC647007DD851 /* view */,
				2289760A2DDCC640007DD851 /* presenter */,
				228976082DDCC635007DD851 /* model */,
			);
			path = Leagues;
			sourceTree = "<group>";
		};
		228976082DDCC635007DD851 /* model */ = {
			isa = PBXGroup;
			children = (
				22EE11682DD254C000EAFE35 /* LeagueResponse.swift */,
				228976092DDCC63B007DD851 /* service */,
			);
			name = model;
			sourceTree = "<group>";
		};
		228976092DDCC63B007DD851 /* service */ = {
			isa = PBXGroup;
			children = (
				2226D7882DD3665700C889A0 /* NetworkService.swift */,
			);
			path = service;
			sourceTree = "<group>";
		};
		2289760A2DDCC640007DD851 /* presenter */ = {
			isa = PBXGroup;
			children = (
				2226D7862DD3650200C889A0 /* LeaguePresenter.swift */,
			);
			path = presenter;
			sourceTree = "<group>";
		};
		2289760B2DDCC647007DD851 /* view */ = {
			isa = PBXGroup;
			children = (
				2289760D2DDCC655007DD851 /* customCell */,
				2289760C2DDCC64E007DD851 /* controller */,
			);
			name = view;
			sourceTree = "<group>";
		};
		2289760C2DDCC64E007DD851 /* controller */ = {
			isa = PBXGroup;
			children = (
				22EE11642DD252CD00EAFE35 /* LeagueTableViewController.swift */,
			);
			path = controller;
			sourceTree = "<group>";
		};
		2289760D2DDCC655007DD851 /* customCell */ = {
			isa = PBXGroup;
			children = (
				22EE11662DD252EC00EAFE35 /* LeagueTableViewCell.swift */,
			);
			name = customCell;
			sourceTree = "<group>";
		};
		228976112DDCC702007DD851 /* view */ = {
			isa = PBXGroup;
			children = (
				228976122DDCC735007DD851 /* onboardingController */,
				22982C032DCF7DD600876FC1 /* Main.storyboard */,
				22982C0B2DCF7E0000876FC1 /* LaunchScreen.storyboard */,
			);
			name = view;
			sourceTree = "<group>";
		};
		228976122DDCC735007DD851 /* onboardingController */ = {
			isa = PBXGroup;
			children = (
				22E3790E2DD099640031B5AD /* ViewController1.swift */,
				22982C012DCF7DD500876FC1 /* ViewController.swift */,
				22EB72572DD073C8003548F2 /* MyPageViewController.swift */,
			);
			name = onboardingController;
			sourceTree = "<group>";
		};
		22982BF12DCF7DD500876FC1 = {
			isa = PBXGroup;
			children = (
				22982BFC2DCF7DD500876FC1 /* Sports */,
				22982C162DCF7E0300876FC1 /* SportsTests */,
				22982C202DCF7E0300876FC1 /* SportsUITests */,
				22982BFB2DCF7DD500876FC1 /* Products */,
			);
			sourceTree = "<group>";
		};
		22982BFB2DCF7DD500876FC1 /* Products */ = {
			isa = PBXGroup;
			children = (
				22982BFA2DCF7DD500876FC1 /* Sports.app */,
				22982C132DCF7E0300876FC1 /* SportsTests.xctest */,
				22982C1D2DCF7E0300876FC1 /* SportsUITests.xctest */,
			);
			name = Products;
			sourceTree = "<group>";
		};
		22982BFC2DCF7DD500876FC1 /* Sports */ = {
			isa = PBXGroup;
			children = (
				228976112DDCC702007DD851 /* view */,
				228976072DDCC605007DD851 /* Leagues */,
				228976002DDCC554007DD851 /* LeagueDetail */,
				228975F92DDCC4C6007DD851 /* TeamDetail */,
				228975F22DDCC445007DD851 /* FavoriteLeague */,
				228975EC2DDCC2E1007DD851 /* AllSports */,
				22E6FDBF2DD0E4C3009CF4A0 /* App */,
				22982C302DCFE34100876FC1 /* Supporting Files */,
				22E379092DD0971E0031B5AD /* Assets */,
				22982C062DCF7DD600876FC1 /* Sports.xcdatamodeld */,
				22493C942DDA45EC00CA419B /* Sports.xcdatamodeld */,
			);
			path = Sports;
			sourceTree = "<group>";
		};
		22982C162DCF7E0300876FC1 /* SportsTests */ = {
			isa = PBXGroup;
			children = (
				22982C172DCF7E0300876FC1 /* SportsTests.swift */,
			);
			path = SportsTests;
			sourceTree = "<group>";
		};
		22982C202DCF7E0300876FC1 /* SportsUITests */ = {
			isa = PBXGroup;
			children = (
				22982C212DCF7E0300876FC1 /* SportsUITests.swift */,
				22982C232DCF7E0300876FC1 /* SportsUITestsLaunchTests.swift */,
			);
			path = SportsUITests;
			sourceTree = "<group>";
		};
		22982C302DCFE34100876FC1 /* Supporting Files */ = {
			isa = PBXGroup;
			children = (
				22982C0E2DCF7E0000876FC1 /* Info.plist */,
			);
			name = "Supporting Files";
			sourceTree = "<group>";
		};
		22E379092DD0971E0031B5AD /* Assets */ = {
			isa = PBXGroup;
			children = (
				227F4E8B2DD9445A0067C743 /* splash_animation.json */,
				22982C092DCF7E0000876FC1 /* Assets.xcassets */,
			);
			name = Assets;
			sourceTree = "<group>";
		};
		22E6FDBF2DD0E4C3009CF4A0 /* App */ = {
			isa = PBXGroup;
			children = (
				22982BFF2DCF7DD500876FC1 /* SceneDelegate.swift */,
				22982BFD2DCF7DD500876FC1 /* AppDelegate.swift */,
			);
			name = App;
			sourceTree = "<group>";
		};
/* End PBXGroup section */

/* Begin PBXNativeTarget section */
		22982BF92DCF7DD500876FC1 /* Sports */ = {
			isa = PBXNativeTarget;
			buildConfigurationList = 22982C272DCF7E0300876FC1 /* Build configuration list for PBXNativeTarget "Sports" */;
			buildPhases = (
				22982BF62DCF7DD500876FC1 /* Sources */,
				22982BF72DCF7DD500876FC1 /* Frameworks */,
				22982BF82DCF7DD500876FC1 /* Resources */,
			);
			buildRules = (
			);
			dependencies = (
			);
			name = Sports;
			packageProductDependencies = (
				22E378FE2DD0878A0031B5AD /* Lottie */,
				22E379012DD087D80031B5AD /* Reachability */,
				22E379042DD089470031B5AD /* ShimmerSwift */,
				22E379502DD0A5A00031B5AD /* Kingfisher */,
				2226D78E2DD369DF00C889A0 /* Alamofire */,
				22114FC22DD8219C006F943A /* Cosmos */,
			);
			productName = Sports;
			productReference = 22982BFA2DCF7DD500876FC1 /* Sports.app */;
			productType = "com.apple.product-type.application";
		};
		22982C122DCF7E0300876FC1 /* SportsTests */ = {
			isa = PBXNativeTarget;
			buildConfigurationList = 22982C2A2DCF7E0300876FC1 /* Build configuration list for PBXNativeTarget "SportsTests" */;
			buildPhases = (
				22982C0F2DCF7E0300876FC1 /* Sources */,
				22982C102DCF7E0300876FC1 /* Frameworks */,
				22982C112DCF7E0300876FC1 /* Resources */,
			);
			buildRules = (
			);
			dependencies = (
				22982C152DCF7E0300876FC1 /* PBXTargetDependency */,
			);
			name = SportsTests;
			productName = SportsTests;
			productReference = 22982C132DCF7E0300876FC1 /* SportsTests.xctest */;
			productType = "com.apple.product-type.bundle.unit-test";
		};
		22982C1C2DCF7E0300876FC1 /* SportsUITests */ = {
			isa = PBXNativeTarget;
			buildConfigurationList = 22982C2D2DCF7E0300876FC1 /* Build configuration list for PBXNativeTarget "SportsUITests" */;
			buildPhases = (
				22982C192DCF7E0300876FC1 /* Sources */,
				22982C1A2DCF7E0300876FC1 /* Frameworks */,
				22982C1B2DCF7E0300876FC1 /* Resources */,
			);
			buildRules = (
			);
			dependencies = (
				22982C1F2DCF7E0300876FC1 /* PBXTargetDependency */,
			);
			name = SportsUITests;
			productName = SportsUITests;
			productReference = 22982C1D2DCF7E0300876FC1 /* SportsUITests.xctest */;
			productType = "com.apple.product-type.bundle.ui-testing";
		};
/* End PBXNativeTarget section */

/* Begin PBXProject section */
		22982BF22DCF7DD500876FC1 /* Project object */ = {
			isa = PBXProject;
			attributes = {
				BuildIndependentTargetsInParallel = 1;
				LastSwiftUpdateCheck = 1420;
				LastUpgradeCheck = 1420;
				TargetAttributes = {
					22982BF92DCF7DD500876FC1 = {
						CreatedOnToolsVersion = 14.2;
					};
					22982C122DCF7E0300876FC1 = {
						CreatedOnToolsVersion = 14.2;
						TestTargetID = 22982BF92DCF7DD500876FC1;
					};
					22982C1C2DCF7E0300876FC1 = {
						CreatedOnToolsVersion = 14.2;
						TestTargetID = 22982BF92DCF7DD500876FC1;
					};
				};
			};
			buildConfigurationList = 22982BF52DCF7DD500876FC1 /* Build configuration list for PBXProject "Sports" */;
			compatibilityVersion = "Xcode 14.0";
			developmentRegion = en;
			hasScannedForEncodings = 0;
			knownRegions = (
				en,
				Base,
			);
			mainGroup = 22982BF12DCF7DD500876FC1;
			packageReferences = (
				22E378FD2DD0878A0031B5AD /* XCRemoteSwiftPackageReference "lottie-ios" */,
				22E379002DD087D80031B5AD /* XCRemoteSwiftPackageReference "Reachability" */,
				22E379032DD089470031B5AD /* XCRemoteSwiftPackageReference "ShimmerSwift" */,
				22E3794F2DD0A5A00031B5AD /* XCRemoteSwiftPackageReference "Kingfisher" */,
				2226D78D2DD369DF00C889A0 /* XCRemoteSwiftPackageReference "Alamofire" */,
				22114FC12DD8219C006F943A /* XCRemoteSwiftPackageReference "Cosmos" */,
			);
			productRefGroup = 22982BFB2DCF7DD500876FC1 /* Products */;
			projectDirPath = "";
			projectRoot = "";
			targets = (
				22982BF92DCF7DD500876FC1 /* Sports */,
				22982C122DCF7E0300876FC1 /* SportsTests */,
				22982C1C2DCF7E0300876FC1 /* SportsUITests */,
			);
		};
/* End PBXProject section */

/* Begin PBXResourcesBuildPhase section */
		22982BF82DCF7DD500876FC1 /* Resources */ = {
			isa = PBXResourcesBuildPhase;
			buildActionMask = 2147483647;
			files = (
				22982C0D2DCF7E0000876FC1 /* LaunchScreen.storyboard in Resources */,
				227F4E8C2DD9445A0067C743 /* splash_animation.json in Resources */,
				22982C0A2DCF7E0000876FC1 /* Assets.xcassets in Resources */,
				22982C052DCF7DD600876FC1 /* Main.storyboard in Resources */,
			);
			runOnlyForDeploymentPostprocessing = 0;
		};
		22982C112DCF7E0300876FC1 /* Resources */ = {
			isa = PBXResourcesBuildPhase;
			buildActionMask = 2147483647;
			files = (
			);
			runOnlyForDeploymentPostprocessing = 0;
		};
		22982C1B2DCF7E0300876FC1 /* Resources */ = {
			isa = PBXResourcesBuildPhase;
			buildActionMask = 2147483647;
			files = (
			);
			runOnlyForDeploymentPostprocessing = 0;
		};
/* End PBXResourcesBuildPhase section */

/* Begin PBXSourcesBuildPhase section */
		22982BF62DCF7DD500876FC1 /* Sources */ = {
			isa = PBXSourcesBuildPhase;
			buildActionMask = 2147483647;
			files = (
				22E3790F2DD099640031B5AD /* ViewController1.swift in Sources */,
				22012BAB2DD611640045E81D /* AllSportsCollectionViewCell.swift in Sources */,
				227DC2D62DDBF2C800C1B25C /* PlayersNoDataCollectionViewCell.swift in Sources */,
				22012BB82DD640400045E81D /* LeagueDetailsNetworkService.swift in Sources */,
				227DC2D42DDBDCFD00C1B25C /* NoDataCollectionViewCell.swift in Sources */,
				22012BBA2DD6440E0045E81D /* LeagueDetailsPresenter.swift in Sources */,
				22493C9B2DDA50ED00CA419B /* FavLeagueTableViewCell.swift in Sources */,
				22EB72582DD073C8003548F2 /* MyPageViewController.swift in Sources */,
				22012BAD2DD612490045E81D /* AllSportsCollectionViewController.swift in Sources */,
				22012BB22DD6236A0045E81D /* LeagueDetailsViewController.swift in Sources */,
				22446C342DD78D3E0000368C /* PlayersResponse.swift in Sources */,
				22114FBA2DD80087006F943A /* TeamDetailsResponse.swift in Sources */,
				22EE11692DD254C000EAFE35 /* LeagueResponse.swift in Sources */,
				22982C022DCF7DD500876FC1 /* ViewController.swift in Sources */,
				227DC2D22DDBB75B00C1B25C /* TeamDetailsCollectionReusableView.swift in Sources */,
				22012BBC2DD646340045E81D /* TeamsCollectionViewCell.swift in Sources */,
				22EE11672DD252EC00EAFE35 /* LeagueTableViewCell.swift in Sources */,
				22012BB62DD63D5A0045E81D /* Team.swift in Sources */,
				22012BB42DD63D3D0045E81D /* Event.swift in Sources */,
				22EE11652DD252CD00EAFE35 /* LeagueTableViewController.swift in Sources */,
				2226D7872DD3650200C889A0 /* LeaguePresenter.swift in Sources */,
				22493C962DDA45EC00CA419B /* Sports.xcdatamodeld in Sources */,
				22012BAF2DD612A70045E81D /* AllSportsResponse.swift in Sources */,
				22446C322DD785140000368C /* PlayersCollectionViewCell.swift in Sources */,
				22114FC02DD80358006F943A /* TeamDetailsNetworkService.swift in Sources */,
				22982BFE2DCF7DD500876FC1 /* AppDelegate.swift in Sources */,
				22493C982DDA490C00CA419B /* CoreDataService.swift in Sources */,
				22493C9F2DDA5B1B00CA419B /* FavLeaguePresenter.swift in Sources */,
				22982C082DCF7DD600876FC1 /* Sports.xcdatamodeld in Sources */,
				22012BC02DD64C350045E81D /* LatestEventCollectionViewCell.swift in Sources */,
				2226D7892DD3665700C889A0 /* NetworkService.swift in Sources */,
				22493C9D2DDA524900CA419B /* FavTableViewController.swift in Sources */,
				22012BBE2DD6478F0045E81D /* UpComingEventsCollectionViewCell.swift in Sources */,
				22114FBE2DD80153006F943A /* TeamDetailsPresenter.swift in Sources */,
				22982C002DCF7DD500876FC1 /* SceneDelegate.swift in Sources */,
				22446C2E2DD784DC0000368C /* TeamDetailsViewController.swift in Sources */,
			);
			runOnlyForDeploymentPostprocessing = 0;
		};
		22982C0F2DCF7E0300876FC1 /* Sources */ = {
			isa = PBXSourcesBuildPhase;
			buildActionMask = 2147483647;
			files = (
				22982C182DCF7E0300876FC1 /* SportsTests.swift in Sources */,
			);
			runOnlyForDeploymentPostprocessing = 0;
		};
		22982C192DCF7E0300876FC1 /* Sources */ = {
			isa = PBXSourcesBuildPhase;
			buildActionMask = 2147483647;
			files = (
				22982C222DCF7E0300876FC1 /* SportsUITests.swift in Sources */,
				22982C242DCF7E0300876FC1 /* SportsUITestsLaunchTests.swift in Sources */,
			);
			runOnlyForDeploymentPostprocessing = 0;
		};
/* End PBXSourcesBuildPhase section */

/* Begin PBXTargetDependency section */
		22982C152DCF7E0300876FC1 /* PBXTargetDependency */ = {
			isa = PBXTargetDependency;
			target = 22982BF92DCF7DD500876FC1 /* Sports */;
			targetProxy = 22982C142DCF7E0300876FC1 /* PBXContainerItemProxy */;
		};
		22982C1F2DCF7E0300876FC1 /* PBXTargetDependency */ = {
			isa = PBXTargetDependency;
			target = 22982BF92DCF7DD500876FC1 /* Sports */;
			targetProxy = 22982C1E2DCF7E0300876FC1 /* PBXContainerItemProxy */;
		};
/* End PBXTargetDependency section */

/* Begin PBXVariantGroup section */
		22982C032DCF7DD600876FC1 /* Main.storyboard */ = {
			isa = PBXVariantGroup;
			children = (
				22982C042DCF7DD600876FC1 /* Base */,
			);
			name = Main.storyboard;
			sourceTree = "<group>";
		};
		22982C0B2DCF7E0000876FC1 /* LaunchScreen.storyboard */ = {
			isa = PBXVariantGroup;
			children = (
				22982C0C2DCF7E0000876FC1 /* Base */,
			);
			name = LaunchScreen.storyboard;
			sourceTree = "<group>";
		};
/* End PBXVariantGroup section */

/* Begin XCBuildConfiguration section */
		22982C252DCF7E0300876FC1 /* Debug */ = {
			isa = XCBuildConfiguration;
			buildSettings = {
				ALWAYS_SEARCH_USER_PATHS = NO;
				CLANG_ANALYZER_NONNULL = YES;
				CLANG_ANALYZER_NUMBER_OBJECT_CONVERSION = YES_AGGRESSIVE;
				CLANG_CXX_LANGUAGE_STANDARD = "gnu++20";
				CLANG_ENABLE_MODULES = YES;
				CLANG_ENABLE_OBJC_ARC = YES;
				CLANG_ENABLE_OBJC_WEAK = YES;
				CLANG_WARN_BLOCK_CAPTURE_AUTORELEASING = YES;
				CLANG_WARN_BOOL_CONVERSION = YES;
				CLANG_WARN_COMMA = YES;
				CLANG_WARN_CONSTANT_CONVERSION = YES;
				CLANG_WARN_DEPRECATED_OBJC_IMPLEMENTATIONS = YES;
				CLANG_WARN_DIRECT_OBJC_ISA_USAGE = YES_ERROR;
				CLANG_WARN_DOCUMENTATION_COMMENTS = YES;
				CLANG_WARN_EMPTY_BODY = YES;
				CLANG_WARN_ENUM_CONVERSION = YES;
				CLANG_WARN_INFINITE_RECURSION = YES;
				CLANG_WARN_INT_CONVERSION = YES;
				CLANG_WARN_NON_LITERAL_NULL_CONVERSION = YES;
				CLANG_WARN_OBJC_IMPLICIT_RETAIN_SELF = YES;
				CLANG_WARN_OBJC_LITERAL_CONVERSION = YES;
				CLANG_WARN_OBJC_ROOT_CLASS = YES_ERROR;
				CLANG_WARN_QUOTED_INCLUDE_IN_FRAMEWORK_HEADER = YES;
				CLANG_WARN_RANGE_LOOP_ANALYSIS = YES;
				CLANG_WARN_STRICT_PROTOTYPES = YES;
				CLANG_WARN_SUSPICIOUS_MOVE = YES;
				CLANG_WARN_UNGUARDED_AVAILABILITY = YES_AGGRESSIVE;
				CLANG_WARN_UNREACHABLE_CODE = YES;
				CLANG_WARN__DUPLICATE_METHOD_MATCH = YES;
				COPY_PHASE_STRIP = NO;
				DEBUG_INFORMATION_FORMAT = dwarf;
				ENABLE_STRICT_OBJC_MSGSEND = YES;
				ENABLE_TESTABILITY = YES;
				GCC_C_LANGUAGE_STANDARD = gnu11;
				GCC_DYNAMIC_NO_PIC = NO;
				GCC_NO_COMMON_BLOCKS = YES;
				GCC_OPTIMIZATION_LEVEL = 0;
				GCC_PREPROCESSOR_DEFINITIONS = (
					"DEBUG=1",
					"$(inherited)",
				);
				GCC_WARN_64_TO_32_BIT_CONVERSION = YES;
				GCC_WARN_ABOUT_RETURN_TYPE = YES_ERROR;
				GCC_WARN_UNDECLARED_SELECTOR = YES;
				GCC_WARN_UNINITIALIZED_AUTOS = YES_AGGRESSIVE;
				GCC_WARN_UNUSED_FUNCTION = YES;
				GCC_WARN_UNUSED_VARIABLE = YES;
				IPHONEOS_DEPLOYMENT_TARGET = 16.2;
				MTL_ENABLE_DEBUG_INFO = INCLUDE_SOURCE;
				MTL_FAST_MATH = YES;
				ONLY_ACTIVE_ARCH = YES;
				SDKROOT = iphoneos;
				SWIFT_ACTIVE_COMPILATION_CONDITIONS = DEBUG;
				SWIFT_OPTIMIZATION_LEVEL = "-Onone";
			};
			name = Debug;
		};
		22982C262DCF7E0300876FC1 /* Release */ = {
			isa = XCBuildConfiguration;
			buildSettings = {
				ALWAYS_SEARCH_USER_PATHS = NO;
				CLANG_ANALYZER_NONNULL = YES;
				CLANG_ANALYZER_NUMBER_OBJECT_CONVERSION = YES_AGGRESSIVE;
				CLANG_CXX_LANGUAGE_STANDARD = "gnu++20";
				CLANG_ENABLE_MODULES = YES;
				CLANG_ENABLE_OBJC_ARC = YES;
				CLANG_ENABLE_OBJC_WEAK = YES;
				CLANG_WARN_BLOCK_CAPTURE_AUTORELEASING = YES;
				CLANG_WARN_BOOL_CONVERSION = YES;
				CLANG_WARN_COMMA = YES;
				CLANG_WARN_CONSTANT_CONVERSION = YES;
				CLANG_WARN_DEPRECATED_OBJC_IMPLEMENTATIONS = YES;
				CLANG_WARN_DIRECT_OBJC_ISA_USAGE = YES_ERROR;
				CLANG_WARN_DOCUMENTATION_COMMENTS = YES;
				CLANG_WARN_EMPTY_BODY = YES;
				CLANG_WARN_ENUM_CONVERSION = YES;
				CLANG_WARN_INFINITE_RECURSION = YES;
				CLANG_WARN_INT_CONVERSION = YES;
				CLANG_WARN_NON_LITERAL_NULL_CONVERSION = YES;
				CLANG_WARN_OBJC_IMPLICIT_RETAIN_SELF = YES;
				CLANG_WARN_OBJC_LITERAL_CONVERSION = YES;
				CLANG_WARN_OBJC_ROOT_CLASS = YES_ERROR;
				CLANG_WARN_QUOTED_INCLUDE_IN_FRAMEWORK_HEADER = YES;
				CLANG_WARN_RANGE_LOOP_ANALYSIS = YES;
				CLANG_WARN_STRICT_PROTOTYPES = YES;
				CLANG_WARN_SUSPICIOUS_MOVE = YES;
				CLANG_WARN_UNGUARDED_AVAILABILITY = YES_AGGRESSIVE;
				CLANG_WARN_UNREACHABLE_CODE = YES;
				CLANG_WARN__DUPLICATE_METHOD_MATCH = YES;
				COPY_PHASE_STRIP = NO;
				DEBUG_INFORMATION_FORMAT = "dwarf-with-dsym";
				ENABLE_NS_ASSERTIONS = NO;
				ENABLE_STRICT_OBJC_MSGSEND = YES;
				GCC_C_LANGUAGE_STANDARD = gnu11;
				GCC_NO_COMMON_BLOCKS = YES;
				GCC_WARN_64_TO_32_BIT_CONVERSION = YES;
				GCC_WARN_ABOUT_RETURN_TYPE = YES_ERROR;
				GCC_WARN_UNDECLARED_SELECTOR = YES;
				GCC_WARN_UNINITIALIZED_AUTOS = YES_AGGRESSIVE;
				GCC_WARN_UNUSED_FUNCTION = YES;
				GCC_WARN_UNUSED_VARIABLE = YES;
				IPHONEOS_DEPLOYMENT_TARGET = 16.2;
				MTL_ENABLE_DEBUG_INFO = NO;
				MTL_FAST_MATH = YES;
				SDKROOT = iphoneos;
				SWIFT_COMPILATION_MODE = wholemodule;
				SWIFT_OPTIMIZATION_LEVEL = "-O";
				VALIDATE_PRODUCT = YES;
			};
			name = Release;
		};
		22982C282DCF7E0300876FC1 /* Debug */ = {
			isa = XCBuildConfiguration;
			buildSettings = {
				ASSETCATALOG_COMPILER_APPICON_NAME = AppIcon;
				ASSETCATALOG_COMPILER_GLOBAL_ACCENT_COLOR_NAME = AccentColor;
				CODE_SIGN_STYLE = Automatic;
				CURRENT_PROJECT_VERSION = 1;
				GENERATE_INFOPLIST_FILE = YES;
				INFOPLIST_FILE = Sports/Info.plist;
				INFOPLIST_KEY_UIApplicationSupportsIndirectInputEvents = YES;
				INFOPLIST_KEY_UILaunchStoryboardName = LaunchScreen;
				INFOPLIST_KEY_UIMainStoryboardFile = Main;
				INFOPLIST_KEY_UISupportedInterfaceOrientations_iPad = "UIInterfaceOrientationPortrait UIInterfaceOrientationPortraitUpsideDown UIInterfaceOrientationLandscapeLeft UIInterfaceOrientationLandscapeRight";
				INFOPLIST_KEY_UISupportedInterfaceOrientations_iPhone = "UIInterfaceOrientationPortrait UIInterfaceOrientationLandscapeLeft UIInterfaceOrientationLandscapeRight";
				LD_RUNPATH_SEARCH_PATHS = (
					"$(inherited)",
					"@executable_path/Frameworks",
				);
				MARKETING_VERSION = 1.0;
				PRODUCT_BUNDLE_IDENTIFIER = example.Sports;
				PRODUCT_NAME = "$(TARGET_NAME)";
				SWIFT_EMIT_LOC_STRINGS = YES;
				SWIFT_VERSION = 5.0;
				TARGETED_DEVICE_FAMILY = "1,2";
			};
			name = Debug;
		};
		22982C292DCF7E0300876FC1 /* Release */ = {
			isa = XCBuildConfiguration;
			buildSettings = {
				ASSETCATALOG_COMPILER_APPICON_NAME = AppIcon;
				ASSETCATALOG_COMPILER_GLOBAL_ACCENT_COLOR_NAME = AccentColor;
				CODE_SIGN_STYLE = Automatic;
				CURRENT_PROJECT_VERSION = 1;
				GENERATE_INFOPLIST_FILE = YES;
				INFOPLIST_FILE = Sports/Info.plist;
				INFOPLIST_KEY_UIApplicationSupportsIndirectInputEvents = YES;
				INFOPLIST_KEY_UILaunchStoryboardName = LaunchScreen;
				INFOPLIST_KEY_UIMainStoryboardFile = Main;
				INFOPLIST_KEY_UISupportedInterfaceOrientations_iPad = "UIInterfaceOrientationPortrait UIInterfaceOrientationPortraitUpsideDown UIInterfaceOrientationLandscapeLeft UIInterfaceOrientationLandscapeRight";
				INFOPLIST_KEY_UISupportedInterfaceOrientations_iPhone = "UIInterfaceOrientationPortrait UIInterfaceOrientationLandscapeLeft UIInterfaceOrientationLandscapeRight";
				LD_RUNPATH_SEARCH_PATHS = (
					"$(inherited)",
					"@executable_path/Frameworks",
				);
				MARKETING_VERSION = 1.0;
				PRODUCT_BUNDLE_IDENTIFIER = example.Sports;
				PRODUCT_NAME = "$(TARGET_NAME)";
				SWIFT_EMIT_LOC_STRINGS = YES;
				SWIFT_VERSION = 5.0;
				TARGETED_DEVICE_FAMILY = "1,2";
			};
			name = Release;
		};
		22982C2B2DCF7E0300876FC1 /* Debug */ = {
			isa = XCBuildConfiguration;
			buildSettings = {
				ALWAYS_EMBED_SWIFT_STANDARD_LIBRARIES = YES;
				BUNDLE_LOADER = "$(TEST_HOST)";
				CODE_SIGN_STYLE = Automatic;
				CURRENT_PROJECT_VERSION = 1;
				GENERATE_INFOPLIST_FILE = YES;
				IPHONEOS_DEPLOYMENT_TARGET = 16.2;
				MARKETING_VERSION = 1.0;
				PRODUCT_BUNDLE_IDENTIFIER = example.SportsTests;
				PRODUCT_NAME = "$(TARGET_NAME)";
				SWIFT_EMIT_LOC_STRINGS = NO;
				SWIFT_VERSION = 5.0;
				TARGETED_DEVICE_FAMILY = "1,2";
				TEST_HOST = "$(BUILT_PRODUCTS_DIR)/Sports.app/$(BUNDLE_EXECUTABLE_FOLDER_PATH)/Sports";
			};
			name = Debug;
		};
		22982C2C2DCF7E0300876FC1 /* Release */ = {
			isa = XCBuildConfiguration;
			buildSettings = {
				ALWAYS_EMBED_SWIFT_STANDARD_LIBRARIES = YES;
				BUNDLE_LOADER = "$(TEST_HOST)";
				CODE_SIGN_STYLE = Automatic;
				CURRENT_PROJECT_VERSION = 1;
				GENERATE_INFOPLIST_FILE = YES;
				IPHONEOS_DEPLOYMENT_TARGET = 16.2;
				MARKETING_VERSION = 1.0;
				PRODUCT_BUNDLE_IDENTIFIER = example.SportsTests;
				PRODUCT_NAME = "$(TARGET_NAME)";
				SWIFT_EMIT_LOC_STRINGS = NO;
				SWIFT_VERSION = 5.0;
				TARGETED_DEVICE_FAMILY = "1,2";
				TEST_HOST = "$(BUILT_PRODUCTS_DIR)/Sports.app/$(BUNDLE_EXECUTABLE_FOLDER_PATH)/Sports";
			};
			name = Release;
		};
		22982C2E2DCF7E0300876FC1 /* Debug */ = {
			isa = XCBuildConfiguration;
			buildSettings = {
				ALWAYS_EMBED_SWIFT_STANDARD_LIBRARIES = YES;
				CODE_SIGN_STYLE = Automatic;
				CURRENT_PROJECT_VERSION = 1;
				GENERATE_INFOPLIST_FILE = YES;
				MARKETING_VERSION = 1.0;
				PRODUCT_BUNDLE_IDENTIFIER = example.SportsUITests;
				PRODUCT_NAME = "$(TARGET_NAME)";
				SWIFT_EMIT_LOC_STRINGS = NO;
				SWIFT_VERSION = 5.0;
				TARGETED_DEVICE_FAMILY = "1,2";
				TEST_TARGET_NAME = Sports;
			};
			name = Debug;
		};
		22982C2F2DCF7E0300876FC1 /* Release */ = {
			isa = XCBuildConfiguration;
			buildSettings = {
				ALWAYS_EMBED_SWIFT_STANDARD_LIBRARIES = YES;
				CODE_SIGN_STYLE = Automatic;
				CURRENT_PROJECT_VERSION = 1;
				GENERATE_INFOPLIST_FILE = YES;
				MARKETING_VERSION = 1.0;
				PRODUCT_BUNDLE_IDENTIFIER = example.SportsUITests;
				PRODUCT_NAME = "$(TARGET_NAME)";
				SWIFT_EMIT_LOC_STRINGS = NO;
				SWIFT_VERSION = 5.0;
				TARGETED_DEVICE_FAMILY = "1,2";
				TEST_TARGET_NAME = Sports;
			};
			name = Release;
		};
/* End XCBuildConfiguration section */

/* Begin XCConfigurationList section */
		22982BF52DCF7DD500876FC1 /* Build configuration list for PBXProject "Sports" */ = {
			isa = XCConfigurationList;
			buildConfigurations = (
				22982C252DCF7E0300876FC1 /* Debug */,
				22982C262DCF7E0300876FC1 /* Release */,
			);
			defaultConfigurationIsVisible = 0;
			defaultConfigurationName = Release;
		};
		22982C272DCF7E0300876FC1 /* Build configuration list for PBXNativeTarget "Sports" */ = {
			isa = XCConfigurationList;
			buildConfigurations = (
				22982C282DCF7E0300876FC1 /* Debug */,
				22982C292DCF7E0300876FC1 /* Release */,
			);
			defaultConfigurationIsVisible = 0;
			defaultConfigurationName = Release;
		};
		22982C2A2DCF7E0300876FC1 /* Build configuration list for PBXNativeTarget "SportsTests" */ = {
			isa = XCConfigurationList;
			buildConfigurations = (
				22982C2B2DCF7E0300876FC1 /* Debug */,
				22982C2C2DCF7E0300876FC1 /* Release */,
			);
			defaultConfigurationIsVisible = 0;
			defaultConfigurationName = Release;
		};
		22982C2D2DCF7E0300876FC1 /* Build configuration list for PBXNativeTarget "SportsUITests" */ = {
			isa = XCConfigurationList;
			buildConfigurations = (
				22982C2E2DCF7E0300876FC1 /* Debug */,
				22982C2F2DCF7E0300876FC1 /* Release */,
			);
			defaultConfigurationIsVisible = 0;
			defaultConfigurationName = Release;
		};
/* End XCConfigurationList section */

/* Begin XCRemoteSwiftPackageReference section */
		22114FC12DD8219C006F943A /* XCRemoteSwiftPackageReference "Cosmos" */ = {
			isa = XCRemoteSwiftPackageReference;
			repositoryURL = "https://github.com/evgenyneu/Cosmos.git";
			requirement = {
				kind = upToNextMajorVersion;
				minimumVersion = 25.0.1;
			};
		};
		2226D78D2DD369DF00C889A0 /* XCRemoteSwiftPackageReference "Alamofire" */ = {
			isa = XCRemoteSwiftPackageReference;
			repositoryURL = "https://github.com/Alamofire/Alamofire";
			requirement = {
				kind = exactVersion;
				version = 5.7.0;
			};
		};
		22E378FD2DD0878A0031B5AD /* XCRemoteSwiftPackageReference "lottie-ios" */ = {
			isa = XCRemoteSwiftPackageReference;
			repositoryURL = "https://github.com/airbnb/lottie-ios.git";
			requirement = {
				kind = exactVersion;
				version = 4.4.2;
			};
		};
		22E379002DD087D80031B5AD /* XCRemoteSwiftPackageReference "Reachability" */ = {
			isa = XCRemoteSwiftPackageReference;
			repositoryURL = "https://github.com/ashleymills/Reachability.swift";
			requirement = {
				branch = master;
				kind = branch;
			};
		};
		22E379032DD089470031B5AD /* XCRemoteSwiftPackageReference "ShimmerSwift" */ = {
			isa = XCRemoteSwiftPackageReference;
			repositoryURL = "https://github.com/BeauNouvelle/ShimmerSwift";
			requirement = {
				branch = master;
				kind = branch;
			};
		};
		22E3794F2DD0A5A00031B5AD /* XCRemoteSwiftPackageReference "Kingfisher" */ = {
			isa = XCRemoteSwiftPackageReference;
			repositoryURL = "https://github.com/onevcat/Kingfisher";
			requirement = {
				kind = versionRange;
				maximumVersion = 8.0.0;
				minimumVersion = 7.12.0;
			};
		};
/* End XCRemoteSwiftPackageReference section */

/* Begin XCSwiftPackageProductDependency section */
		22114FC22DD8219C006F943A /* Cosmos */ = {
			isa = XCSwiftPackageProductDependency;
			package = 22114FC12DD8219C006F943A /* XCRemoteSwiftPackageReference "Cosmos" */;
			productName = Cosmos;
		};
		2226D78E2DD369DF00C889A0 /* Alamofire */ = {
			isa = XCSwiftPackageProductDependency;
			package = 2226D78D2DD369DF00C889A0 /* XCRemoteSwiftPackageReference "Alamofire" */;
			productName = Alamofire;
		};
		22E378FE2DD0878A0031B5AD /* Lottie */ = {
			isa = XCSwiftPackageProductDependency;
			package = 22E378FD2DD0878A0031B5AD /* XCRemoteSwiftPackageReference "lottie-ios" */;
			productName = Lottie;
		};
		22E379012DD087D80031B5AD /* Reachability */ = {
			isa = XCSwiftPackageProductDependency;
			package = 22E379002DD087D80031B5AD /* XCRemoteSwiftPackageReference "Reachability" */;
			productName = Reachability;
		};
		22E379042DD089470031B5AD /* ShimmerSwift */ = {
			isa = XCSwiftPackageProductDependency;
			package = 22E379032DD089470031B5AD /* XCRemoteSwiftPackageReference "ShimmerSwift" */;
			productName = ShimmerSwift;
		};
		22E379502DD0A5A00031B5AD /* Kingfisher */ = {
			isa = XCSwiftPackageProductDependency;
			package = 22E3794F2DD0A5A00031B5AD /* XCRemoteSwiftPackageReference "Kingfisher" */;
			productName = Kingfisher;
		};
/* End XCSwiftPackageProductDependency section */

/* Begin XCVersionGroup section */
		22493C942DDA45EC00CA419B /* Sports.xcdatamodeld */ = {
			isa = XCVersionGroup;
			children = (
				22493C952DDA45EC00CA419B /* Sports.xcdatamodel */,
			);
			currentVersion = 22493C952DDA45EC00CA419B /* Sports.xcdatamodel */;
			path = Sports.xcdatamodeld;
			sourceTree = "<group>";
			versionGroupType = wrapper.xcdatamodel;
		};
		22982C062DCF7DD600876FC1 /* Sports.xcdatamodeld */ = {
			isa = XCVersionGroup;
			children = (
				22982C072DCF7DD600876FC1 /* Sports.xcdatamodel */,
			);
			currentVersion = 22982C072DCF7DD600876FC1 /* Sports.xcdatamodel */;
			path = Sports.xcdatamodeld;
			sourceTree = "<group>";
			versionGroupType = wrapper.xcdatamodel;
		};
/* End XCVersionGroup section */
	};
	rootObject = 22982BF22DCF7DD500876FC1 /* Project object */;
}
